
Microsoft Visual Studio Solution File, Format Version 12.00
# Visual Studio Version 17
VisualStudioVersion = 17.5.002.0
MinimumVisualStudioVersion = 10.0.40219.1
Project("{9A19103F-16F7-4668-BE54-9A1E7A4F7556}") = "Prep1", "Prep1\Prep1.csproj", "{B2371310-8306-4076-A9CB-32192A3B4D00}"
EndProject
Project("{9A19103F-16F7-4668-BE54-9A1E7A4F7556}") = "Prep5", "Prep5\Prep5.csproj", "{109EC3F6-DFC5-4A59-8651-57791183C4AF}"
EndProject
Project("{9A19103F-16F7-4668-BE54-9A1E7A4F7556}") = "Prep2", "Prep2\Prep2.csproj", "{D060DBE8-975B-424E-BFAA-41402ABBB55E}"
EndProject
Project("{9A19103F-16F7-4668-BE54-9A1E7A4F7556}") = "Prep3", "Prep3\Prep3.csproj", "{CEDF233A-631F-408B-ADE0-E21C5932ACA6}"
EndProject
Project("{9A19103F-16F7-4668-BE54-9A1E7A4F7556}") = "Prep4", "Prep4\Prep4.csproj", "{54CE019D-63D6-4C6E-9A77-C804FD916756}"
EndProject
Global
	GlobalSection(SolutionConfigurationPlatforms) = preSolution
		Debug|Any CPU = Debug|Any CPU
		Release|Any CPU = Release|Any CPU
	EndGlobalSection
	GlobalSection(ProjectConfigurationPlatforms) = postSolution
		{B2371310-8306-4076-A9CB-32192A3B4D00}.Debug|Any CPU.ActiveCfg = Debug|Any CPU
		{B2371310-8306-4076-A9CB-32192A3B4D00}.Debug|Any CPU.Build.0 = Debug|Any CPU
		{B2371310-8306-4076-A9CB-32192A3B4D00}.Release|Any CPU.ActiveCfg = Release|Any CPU
		{B2371310-8306-4076-A9CB-32192A3B4D00}.Release|Any CPU.Build.0 = Release|Any CPU
		{109EC3F6-DFC5-4A59-8651-57791183C4AF}.Debug|Any CPU.ActiveCfg = Debug|Any CPU
		{109EC3F6-DFC5-4A59-8651-57791183C4AF}.Debug|Any CPU.Build.0 = Debug|Any CPU
		{109EC3F6-DFC5-4A59-8651-57791183C4AF}.Release|Any CPU.ActiveCfg = Release|Any CPU
		{109EC3F6-DFC5-4A59-8651-57791183C4AF}.Release|Any CPU.Build.0 = Release|Any CPU
		{D060DBE8-975B-424E-BFAA-41402ABBB55E}.Debug|Any CPU.ActiveCfg = Debug|Any CPU
		{D060DBE8-975B-424E-BFAA-41402ABBB55E}.Debug|Any CPU.Build.0 = Debug|Any CPU
		{D060DBE8-975B-424E-BFAA-41402ABBB55E}.Release|Any CPU.ActiveCfg = Release|Any CPU
		{D060DBE8-975B-424E-BFAA-41402ABBB55E}.Release|Any CPU.Build.0 = Release|Any CPU
		{CEDF233A-631F-408B-ADE0-E21C5932ACA6}.Debug|Any CPU.ActiveCfg = Debug|Any CPU
		{CEDF233A-631F-408B-ADE0-E21C5932ACA6}.Debug|Any CPU.Build.0 = Debug|Any CPU
		{CEDF233A-631F-408B-ADE0-E21C5932ACA6}.Release|Any CPU.ActiveCfg = Release|Any CPU
		{CEDF233A-631F-408B-ADE0-E21C5932ACA6}.Release|Any CPU.Build.0 = Release|Any CPU
		{54CE019D-63D6-4C6E-9A77-C804FD916756}.Debug|Any CPU.ActiveCfg = Debug|Any CPU
		{54CE019D-63D6-4C6E-9A77-C804FD916756}.Debug|Any CPU.Build.0 = Debug|Any CPU
		{54CE019D-63D6-4C6E-9A77-C804FD916756}.Release|Any CPU.ActiveCfg = Release|Any CPU
		{54CE019D-63D6-4C6E-9A77-C804FD916756}.Release|Any CPU.Build.0 = Release|Any CPU
	EndGlobalSection
	GlobalSection(SolutionProperties) = preSolution
		HideSolutionNode = FALSE
	EndGlobalSection
	GlobalSection(ExtensibilityGlobals) = postSolution
		SolutionGuid = {FE5A4B1B-3C67-438B-880F-04E0955EB37F}
	EndGlobalSection
EndGlobal
