
Microsoft Visual Studio Solution File, Format Version 12.00
# Visual Studio Version 17
VisualStudioVersion = 17.5.002.0
MinimumVisualStudioVersion = 10.0.40219.1
Project("{9A19103F-16F7-4668-BE54-9A1E7A4F7556}") = "Learning02", "Learning02.csproj", "{997267F1-B1A3-41BB-BE05-3FE8136E304E}"
EndProject
Global
	GlobalSection(SolutionConfigurationPlatforms) = preSolution
		Debug|Any CPU = Debug|Any CPU
		Release|Any CPU = Release|Any CPU
	EndGlobalSection
	GlobalSection(ProjectConfigurationPlatforms) = postSolution
		{997267F1-B1A3-41BB-BE05-3FE8136E304E}.Debug|Any CPU.ActiveCfg = Debug|Any CPU
		{997267F1-B1A3-41BB-BE05-3FE8136E304E}.Debug|Any CPU.Build.0 = Debug|Any CPU
		{997267F1-B1A3-41BB-BE05-3FE8136E304E}.Release|Any CPU.ActiveCfg = Release|Any CPU
		{997267F1-B1A3-41BB-BE05-3FE8136E304E}.Release|Any CPU.Build.0 = Release|Any CPU
	EndGlobalSection
	GlobalSection(SolutionProperties) = preSolution
		HideSolutionNode = FALSE
	EndGlobalSection
	GlobalSection(ExtensibilityGlobals) = postSolution
		SolutionGuid = {29860FA4-BF7F-486C-B3D4-217703C1B1E9}
	EndGlobalSection
EndGlobal
